schema: '2.0'
stages:
  data_ingestion:
    cmd: python src/data/data_ingestion.py
    deps:
    - path: src/data/data_ingestion.py
      hash: md5
      md5: b6f1f59c00a95c89f4c2de9887f91bfb
      size: 2621
    outs:
    - path: data/raw
      hash: md5
      md5: 9b1c4ce351a72025871bff965b57de2c.dir
      size: 516645
      nfiles: 1
  data_preprocessing:
    cmd: python src/data/data_preprocessing.py
    deps:
    - path: data/raw
      hash: md5
      md5: 9b1c4ce351a72025871bff965b57de2c.dir
      size: 516645
      nfiles: 1
    - path: src/data/data_preprocessing.py
      hash: md5
      md5: c243ae75eeebfa7834ee5fea97e04ca5
      size: 3489
    params:
      params.yaml:
        data_preprocessing.test_size: 0.22
    outs:
    - path: data/interim
      hash: md5
      md5: 42ae6e9f3fdf8117a75e385f7927f5a1.dir
      size: 516767
      nfiles: 2
  feature_engineering:
    cmd: python src/features/feature_engineering.py
    deps:
    - path: data/interim
      hash: md5
      md5: 42ae6e9f3fdf8117a75e385f7927f5a1.dir
      size: 516767
      nfiles: 2
    - path: src/features/feature_engineering.py
      hash: md5
      md5: b4d8a785bac2f2086f51435f88860a4d
      size: 3070
    outs:
    - path: data/processed
      hash: md5
      md5: 02a3b88579c37eb027cb805065737e17.dir
      size: 585916
      nfiles: 2
  model_building:
    cmd: python src/model/model_building.py
    deps:
    - path: data/processed
      hash: md5
      md5: 02a3b88579c37eb027cb805065737e17.dir
      size: 585916
      nfiles: 2
    - path: src/model/model_building.py
      hash: md5
      md5: 269ad9984c8f609f7f65eaeb04e53330
      size: 3507
    params:
      params.yaml:
        model.C: 0.1
        model.penalty: l2
        model.solver: liblinear
    outs:
    - path: models/model.pkl
      hash: md5
      md5: 0ba6fbdd4a5db3573f38dde20af71ad2
      size: 959
  model_evaluation:
    cmd: python src/model/model_evaluation.py
    deps:
    - path: models/model.pkl
      hash: md5
      md5: 0ba6fbdd4a5db3573f38dde20af71ad2
      size: 959
    - path: src/model/model_evaluation.py
      hash: md5
      md5: 5276bf3cf8a2ce81c880f959078830c9
      size: 5589
    outs:
    - path: reports/experiment_info.json
      hash: md5
      md5: ca69e56e5649b59bf18775918818f914
      size: 82
    - path: reports/metrics.json
      hash: md5
      md5: cb6bab6571c189cd5bdac1951ba02144
      size: 145
  model_registration:
    cmd: python src/model/register_model.py
    deps:
    - path: reports/experiment_info.json
      hash: md5
      md5: ca69e56e5649b59bf18775918818f914
      size: 82
    - path: src/model/register_model.py
      hash: md5
      md5: 24eba4887fe2ea14cb60fcb9320fe3eb
      size: 4125
